// !$*UTF8*$!
{
	archiveVersion = 1;
	classes = {
	};
	objectVersion = 50;
	objects = {

/* Begin PBXBuildFile section */
		B84C308620AC421600A6B199 /* NewEntryViewController.swift in Sources */ = {isa = PBXBuildFile; fileRef = B84C308520AC421600A6B199 /* NewEntryViewController.swift */; };
		B855C15720C400FB00325C64 /* Game.swift in Sources */ = {isa = PBXBuildFile; fileRef = B855C15620C400FB00325C64 /* Game.swift */; };
		B8BA99BE20A782490044D7B7 /* AppDelegate.swift in Sources */ = {isa = PBXBuildFile; fileRef = B8BA99BD20A782490044D7B7 /* AppDelegate.swift */; };
		B8BA99C020A782490044D7B7 /* ViewController.swift in Sources */ = {isa = PBXBuildFile; fileRef = B8BA99BF20A782490044D7B7 /* ViewController.swift */; };
		B8BA99C320A782490044D7B7 /* Main.storyboard in Resources */ = {isa = PBXBuildFile; fileRef = B8BA99C120A782490044D7B7 /* Main.storyboard */; };
		B8BA99C620A782490044D7B7 /* VGCollection.xcdatamodeld in Sources */ = {isa = PBXBuildFile; fileRef = B8BA99C420A782490044D7B7 /* VGCollection.xcdatamodeld */; };
		B8BA99C820A7824A0044D7B7 /* Assets.xcassets in Resources */ = {isa = PBXBuildFile; fileRef = B8BA99C720A7824A0044D7B7 /* Assets.xcassets */; };
		B8BA99CB20A7824A0044D7B7 /* LaunchScreen.storyboard in Resources */ = {isa = PBXBuildFile; fileRef = B8BA99C920A7824A0044D7B7 /* LaunchScreen.storyboard */; };
		B8BA99D320A78DB90044D7B7 /* GameTableViewCell.swift in Sources */ = {isa = PBXBuildFile; fileRef = B8BA99D220A78DB90044D7B7 /* GameTableViewCell.swift */; };
		B8BA99D520A79D890044D7B7 /* GameViewController.swift in Sources */ = {isa = PBXBuildFile; fileRef = B8BA99D420A79D890044D7B7 /* GameViewController.swift */; };
		B8D9040520C945CF0073CE2F /* productsans.ttf in Resources */ = {isa = PBXBuildFile; fileRef = B81BCC5820AB0FE40078DE5D /* productsans.ttf */; };
		B8D9040620C945D10073CE2F /* productsansreg.ttf in Resources */ = {isa = PBXBuildFile; fileRef = B81BCC5720AB0FE40078DE5D /* productsansreg.ttf */; };
/* End PBXBuildFile section */

/* Begin PBXFileReference section */
		B81BCC5720AB0FE40078DE5D /* productsansreg.ttf */ = {isa = PBXFileReference; lastKnownFileType = file; name = productsansreg.ttf; path = /Users/tobiaszdobrowo/Documents/GitHub/VGCollection/VGCollection/productsansreg.ttf; sourceTree = "<absolute>"; };
		B81BCC5820AB0FE40078DE5D /* productsans.ttf */ = {isa = PBXFileReference; lastKnownFileType = file; name = productsans.ttf; path = /Users/tobiaszdobrowo/Documents/GitHub/VGCollection/VGCollection/productsans.ttf; sourceTree = "<absolute>"; };
		B84C308520AC421600A6B199 /* NewEntryViewController.swift */ = {isa = PBXFileReference; lastKnownFileType = sourcecode.swift; path = NewEntryViewController.swift; sourceTree = "<group>"; };
		B855C15620C400FB00325C64 /* Game.swift */ = {isa = PBXFileReference; lastKnownFileType = sourcecode.swift; path = Game.swift; sourceTree = "<group>"; };
		B8BA99BA20A782490044D7B7 /* VGCollection.app */ = {isa = PBXFileReference; explicitFileType = wrapper.application; includeInIndex = 0; path = VGCollection.app; sourceTree = BUILT_PRODUCTS_DIR; };
		B8BA99BD20A782490044D7B7 /* AppDelegate.swift */ = {isa = PBXFileReference; lastKnownFileType = sourcecode.swift; path = AppDelegate.swift; sourceTree = "<group>"; };
		B8BA99BF20A782490044D7B7 /* ViewController.swift */ = {isa = PBXFileReference; lastKnownFileType = sourcecode.swift; path = ViewController.swift; sourceTree = "<group>"; };
		B8BA99C220A782490044D7B7 /* Base */ = {isa = PBXFileReference; lastKnownFileType = file.storyboard; name = Base; path = Base.lproj/Main.storyboard; sourceTree = "<group>"; };
		B8BA99C520A782490044D7B7 /* VGCollection.xcdatamodel */ = {isa = PBXFileReference; lastKnownFileType = wrapper.xcdatamodel; path = VGCollection.xcdatamodel; sourceTree = "<group>"; };
		B8BA99C720A7824A0044D7B7 /* Assets.xcassets */ = {isa = PBXFileReference; lastKnownFileType = folder.assetcatalog; path = Assets.xcassets; sourceTree = "<group>"; };
		B8BA99CA20A7824A0044D7B7 /* Base */ = {isa = PBXFileReference; lastKnownFileType = file.storyboard; name = Base; path = Base.lproj/LaunchScreen.storyboard; sourceTree = "<group>"; };
		B8BA99CC20A7824A0044D7B7 /* Info.plist */ = {isa = PBXFileReference; lastKnownFileType = text.plist.xml; path = Info.plist; sourceTree = "<group>"; };
		B8BA99D220A78DB90044D7B7 /* GameTableViewCell.swift */ = {isa = PBXFileReference; lastKnownFileType = sourcecode.swift; path = GameTableViewCell.swift; sourceTree = "<group>"; };
		B8BA99D420A79D890044D7B7 /* GameViewController.swift */ = {isa = PBXFileReference; lastKnownFileType = sourcecode.swift; path = GameViewController.swift; sourceTree = "<group>"; };
/* End PBXFileReference section */

/* Begin PBXFrameworksBuildPhase section */
		B8BA99B720A782490044D7B7 /* Frameworks */ = {
			isa = PBXFrameworksBuildPhase;
			buildActionMask = 2147483647;
			files = (
			);
			runOnlyForDeploymentPostprocessing = 0;
		};
/* End PBXFrameworksBuildPhase section */

/* Begin PBXGroup section */
		B8BA99B120A782490044D7B7 = {
			isa = PBXGroup;
			children = (
				B8BA99BC20A782490044D7B7 /* VGCollection */,
				B8BA99BB20A782490044D7B7 /* Products */,
			);
			sourceTree = "<group>";
		};
		B8BA99BB20A782490044D7B7 /* Products */ = {
			isa = PBXGroup;
			children = (
				B8BA99BA20A782490044D7B7 /* VGCollection.app */,
			);
			name = Products;
			sourceTree = "<group>";
		};
		B8BA99BC20A782490044D7B7 /* VGCollection */ = {
			isa = PBXGroup;
			children = (
				B8BA99BD20A782490044D7B7 /* AppDelegate.swift */,
				B8BA99BF20A782490044D7B7 /* ViewController.swift */,
				B84C308520AC421600A6B199 /* NewEntryViewController.swift */,
				B8BA99D420A79D890044D7B7 /* GameViewController.swift */,
				B8BA99D220A78DB90044D7B7 /* GameTableViewCell.swift */,
				B855C15620C400FB00325C64 /* Game.swift */,
				B8BA99C120A782490044D7B7 /* Main.storyboard */,
				B8BA99C720A7824A0044D7B7 /* Assets.xcassets */,
				B8BA99C920A7824A0044D7B7 /* LaunchScreen.storyboard */,
				B81BCC5820AB0FE40078DE5D /* productsans.ttf */,
				B81BCC5720AB0FE40078DE5D /* productsansreg.ttf */,
				B8BA99CC20A7824A0044D7B7 /* Info.plist */,
				B8BA99C420A782490044D7B7 /* VGCollection.xcdatamodeld */,
			);
			path = VGCollection;
			sourceTree = "<group>";
		};
/* End PBXGroup section */

/* Begin PBXNativeTarget section */
		B8BA99B920A782490044D7B7 /* VGCollection */ = {
			isa = PBXNativeTarget;
			buildConfigurationList = B8BA99CF20A7824A0044D7B7 /* Build configuration list for PBXNativeTarget "VGCollection" */;
			buildPhases = (
				B8BA99B620A782490044D7B7 /* Sources */,
				B8BA99B720A782490044D7B7 /* Frameworks */,
				B8BA99B820A782490044D7B7 /* Resources */,
			);
			buildRules = (
			);
			dependencies = (
			);
			name = VGCollection;
			productName = VGCollection;
			productReference = B8BA99BA20A782490044D7B7 /* VGCollection.app */;
			productType = "com.apple.product-type.application";
		};
/* End PBXNativeTarget section */

/* Begin PBXProject section */
		B8BA99B220A782490044D7B7 /* Project object */ = {
			isa = PBXProject;
			attributes = {
				LastSwiftUpdateCheck = 0930;
				LastUpgradeCheck = 0930;
				ORGANIZATIONNAME = "Tobiasz Dobrowolski";
				TargetAttributes = {
					B8BA99B920A782490044D7B7 = {
						CreatedOnToolsVersion = 9.3;
					};
				};
			};
			buildConfigurationList = B8BA99B520A782490044D7B7 /* Build configuration list for PBXProject "VGCollection" */;
			compatibilityVersion = "Xcode 9.3";
			developmentRegion = en;
			hasScannedForEncodings = 0;
			knownRegions = (
				en,
				Base,
			);
			mainGroup = B8BA99B120A782490044D7B7;
			productRefGroup = B8BA99BB20A782490044D7B7 /* Products */;
			projectDirPath = "";
			projectRoot = "";
			targets = (
				B8BA99B920A782490044D7B7 /* VGCollection */,
			);
		};
/* End PBXProject section */

/* Begin PBXResourcesBuildPhase section */
		B8BA99B820A782490044D7B7 /* Resources */ = {
			isa = PBXResourcesBuildPhase;
			buildActionMask = 2147483647;
			files = (
				B8D9040620C945D10073CE2F /* productsansreg.ttf in Resources */,
				B8BA99CB20A7824A0044D7B7 /* LaunchScreen.storyboard in Resources */,
				B8D9040520C945CF0073CE2F /* productsans.ttf in Resources */,
				B8BA99C820A7824A0044D7B7 /* Assets.xcassets in Resources */,
				B8BA99C320A782490044D7B7 /* Main.storyboard in Resources */,
			);
			runOnlyForDeploymentPostprocessing = 0;
		};
/* End PBXResourcesBuildPhase section */

/* Begin PBXSourcesBuildPhase section */
		B8BA99B620A782490044D7B7 /* Sources */ = {
			isa = PBXSourcesBuildPhase;
			buildActionMask = 2147483647;
			files = (
				B8BA99D520A79D890044D7B7 /* GameViewController.swift in Sources */,
				B8BA99C020A782490044D7B7 /* ViewController.swift in Sources */,
				B855C15720C400FB00325C64 /* Game.swift in Sources */,
				B8BA99BE20A782490044D7B7 /* AppDelegate.swift in Sources */,
				B8BA99C620A782490044D7B7 /* VGCollection.xcdatamodeld in Sources */,
				B84C308620AC421600A6B199 /* NewEntryViewController.swift in Sources */,
				B8BA99D320A78DB90044D7B7 /* GameTableViewCell.swift in Sources */,
			);
			runOnlyForDeploymentPostprocessing = 0;
		};
/* End PBXSourcesBuildPhase section */

/* Begin PBXVariantGroup section */
		B8BA99C120A782490044D7B7 /* Main.storyboard */ = {
			isa = PBXVariantGroup;
			children = (
				B8BA99C220A782490044D7B7 /* Base */,
			);
			name = Main.storyboard;
			sourceTree = "<group>";
		};
		B8BA99C920A7824A0044D7B7 /* LaunchScreen.storyboard */ = {
			isa = PBXVariantGroup;
			children = (
				B8BA99CA20A7824A0044D7B7 /* Base */,
			);
			name = LaunchScreen.storyboard;
			sourceTree = "<group>";
		};
/* End PBXVariantGroup section */

/* Begin XCBuildConfiguration section */
		B8BA99CD20A7824A0044D7B7 /* Debug */ = {
			isa = XCBuildConfiguration;
			buildSettings = {
				ALWAYS_SEARCH_USER_PATHS = NO;
				CLANG_ANALYZER_NONNULL = YES;
				CLANG_ANALYZER_NUMBER_OBJECT_CONVERSION = YES_AGGRESSIVE;
				CLANG_CXX_LANGUAGE_STANDARD = "gnu++14";
				CLANG_CXX_LIBRARY = "libc++";
				CLANG_ENABLE_MODULES = YES;
				CLANG_ENABLE_OBJC_ARC = YES;
				CLANG_ENABLE_OBJC_WEAK = YES;
				CLANG_WARN_BLOCK_CAPTURE_AUTORELEASING = YES;
				CLANG_WARN_BOOL_CONVERSION = YES;
				CLANG_WARN_COMMA = YES;
				CLANG_WARN_CONSTANT_CONVERSION = YES;
				CLANG_WARN_DEPRECATED_OBJC_IMPLEMENTATIONS = YES;
				CLANG_WARN_DIRECT_OBJC_ISA_USAGE = YES_ERROR;
				CLANG_WARN_DOCUMENTATION_COMMENTS = YES;
				CLANG_WARN_EMPTY_BODY = YES;
				CLANG_WARN_ENUM_CONVERSION = YES;
				CLANG_WARN_INFINITE_RECURSION = YES;
				CLANG_WARN_INT_CONVERSION = YES;
				CLANG_WARN_NON_LITERAL_NULL_CONVERSION = YES;
				CLANG_WARN_OBJC_IMPLICIT_RETAIN_SELF = YES;
				CLANG_WARN_OBJC_LITERAL_CONVERSION = YES;
				CLANG_WARN_OBJC_ROOT_CLASS = YES_ERROR;
				CLANG_WARN_RANGE_LOOP_ANALYSIS = YES;
				CLANG_WARN_STRICT_PROTOTYPES = YES;
				CLANG_WARN_SUSPICIOUS_MOVE = YES;
				CLANG_WARN_UNGUARDED_AVAILABILITY = YES_AGGRESSIVE;
				CLANG_WARN_UNREACHABLE_CODE = YES;
				CLANG_WARN__DUPLICATE_METHOD_MATCH = YES;
				CODE_SIGN_IDENTITY = "iPhone Developer";
				COPY_PHASE_STRIP = NO;
				DEBUG_INFORMATION_FORMAT = dwarf;
				ENABLE_STRICT_OBJC_MSGSEND = YES;
				ENABLE_TESTABILITY = YES;
				GCC_C_LANGUAGE_STANDARD = gnu11;
				GCC_DYNAMIC_NO_PIC = NO;
				GCC_NO_COMMON_BLOCKS = YES;
				GCC_OPTIMIZATION_LEVEL = 0;
				GCC_PREPROCESSOR_DEFINITIONS = (
					"DEBUG=1",
					"$(inherited)",
				);
				GCC_WARN_64_TO_32_BIT_CONVERSION = YES;
				GCC_WARN_ABOUT_RETURN_TYPE = YES_ERROR;
				GCC_WARN_UNDECLARED_SELECTOR = YES;
				GCC_WARN_UNINITIALIZED_AUTOS = YES_AGGRESSIVE;
				GCC_WARN_UNUSED_FUNCTION = YES;
				GCC_WARN_UNUSED_VARIABLE = YES;
				IPHONEOS_DEPLOYMENT_TARGET = 11.3;
				MTL_ENABLE_DEBUG_INFO = YES;
				ONLY_ACTIVE_ARCH = YES;
				SDKROOT = iphoneos;
				SWIFT_ACTIVE_COMPILATION_CONDITIONS = DEBUG;
				SWIFT_OPTIMIZATION_LEVEL = "-Onone";
			};
			name = Debug;
		};
		B8BA99CE20A7824A0044D7B7 /* Release */ = {
			isa = XCBuildConfiguration;
			buildSettings = {
				ALWAYS_SEARCH_USER_PATHS = NO;
				CLANG_ANALYZER_NONNULL = YES;
				CLANG_ANALYZER_NUMBER_OBJECT_CONVERSION = YES_AGGRESSIVE;
				CLANG_CXX_LANGUAGE_STANDARD = "gnu++14";
				CLANG_CXX_LIBRARY = "libc++";
				CLANG_ENABLE_MODULES = YES;
				CLANG_ENABLE_OBJC_ARC = YES;
				CLANG_ENABLE_OBJC_WEAK = YES;
				CLANG_WARN_BLOCK_CAPTURE_AUTORELEASING = YES;
				CLANG_WARN_BOOL_CONVERSION = YES;
				CLANG_WARN_COMMA = YES;
				CLANG_WARN_CONSTANT_CONVERSION = YES;
				CLANG_WARN_DEPRECATED_OBJC_IMPLEMENTATIONS = YES;
				CLANG_WARN_DIRECT_OBJC_ISA_USAGE = YES_ERROR;
				CLANG_WARN_DOCUMENTATION_COMMENTS = YES;
				CLANG_WARN_EMPTY_BODY = YES;
				CLANG_WARN_ENUM_CONVERSION = YES;
				CLANG_WARN_INFINITE_RECURSION = YES;
				CLANG_WARN_INT_CONVERSION = YES;
				CLANG_WARN_NON_LITERAL_NULL_CONVERSION = YES;
				CLANG_WARN_OBJC_IMPLICIT_RETAIN_SELF = YES;
				CLANG_WARN_OBJC_LITERAL_CONVERSION = YES;
				CLANG_WARN_OBJC_ROOT_CLASS = YES_ERROR;
				CLANG_WARN_RANGE_LOOP_ANALYSIS = YES;
				CLANG_WARN_STRICT_PROTOTYPES = YES;
				CLANG_WARN_SUSPICIOUS_MOVE = YES;
				CLANG_WARN_UNGUARDED_AVAILABILITY = YES_AGGRESSIVE;
				CLANG_WARN_UNREACHABLE_CODE = YES;
				CLANG_WARN__DUPLICATE_METHOD_MATCH = YES;
				CODE_SIGN_IDENTITY = "iPhone Developer";
				COPY_PHASE_STRIP = NO;
				DEBUG_INFORMATION_FORMAT = "dwarf-with-dsym";
				ENABLE_NS_ASSERTIONS = NO;
				ENABLE_STRICT_OBJC_MSGSEND = YES;
				GCC_C_LANGUAGE_STANDARD = gnu11;
				GCC_NO_COMMON_BLOCKS = YES;
				GCC_WARN_64_TO_32_BIT_CONVERSION = YES;
				GCC_WARN_ABOUT_RETURN_TYPE = YES_ERROR;
				GCC_WARN_UNDECLARED_SELECTOR = YES;
				GCC_WARN_UNINITIALIZED_AUTOS = YES_AGGRESSIVE;
				GCC_WARN_UNUSED_FUNCTION = YES;
				GCC_WARN_UNUSED_VARIABLE = YES;
				IPHONEOS_DEPLOYMENT_TARGET = 11.3;
				MTL_ENABLE_DEBUG_INFO = NO;
				SDKROOT = iphoneos;
				SWIFT_COMPILATION_MODE = wholemodule;
				SWIFT_OPTIMIZATION_LEVEL = "-O";
				VALIDATE_PRODUCT = YES;
			};
			name = Release;
		};
		B8BA99D020A7824A0044D7B7 /* Debug */ = {
			isa = XCBuildConfiguration;
			buildSettings = {
				ASSETCATALOG_COMPILER_APPICON_NAME = AppIcon;
				CODE_SIGN_STYLE = Automatic;
				DEVELOPMENT_TEAM = V9858W9DAL;
				INFOPLIST_FILE = VGCollection/Info.plist;
				LD_RUNPATH_SEARCH_PATHS = (
					"$(inherited)",
					"@executable_path/Frameworks",
				);
				PRODUCT_BUNDLE_IDENTIFIER = TobiaszDobrowolski.VGCollection;
				PRODUCT_NAME = "$(TARGET_NAME)";
				SWIFT_VERSION = 4.0;
				TARGETED_DEVICE_FAMILY = "1,2";
			};
			name = Debug;
		};
		B8BA99D120A7824A0044D7B7 /* Release */ = {
			isa = XCBuildConfiguration;
			buildSettings = {
				ASSETCATALOG_COMPILER_APPICON_NAME = AppIcon;
				CODE_SIGN_STYLE = Automatic;
				DEVELOPMENT_TEAM = V9858W9DAL;
				INFOPLIST_FILE = VGCollection/Info.plist;
				LD_RUNPATH_SEARCH_PATHS = (
					"$(inherited)",
					"@executable_path/Frameworks",
				);
				PRODUCT_BUNDLE_IDENTIFIER = TobiaszDobrowolski.VGCollection;
				PRODUCT_NAME = "$(TARGET_NAME)";
				SWIFT_VERSION = 4.0;
				TARGETED_DEVICE_FAMILY = "1,2";
			};
			name = Release;
		};
/* End XCBuildConfiguration section */

/* Begin XCConfigurationList section */
		B8BA99B520A782490044D7B7 /* Build configuration list for PBXProject "VGCollection" */ = {
			isa = XCConfigurationList;
			buildConfigurations = (
				B8BA99CD20A7824A0044D7B7 /* Debug */,
				B8BA99CE20A7824A0044D7B7 /* Release */,
			);
			defaultConfigurationIsVisible = 0;
			defaultConfigurationName = Release;
		};
		B8BA99CF20A7824A0044D7B7 /* Build configuration list for PBXNativeTarget "VGCollection" */ = {
			isa = XCConfigurationList;
			buildConfigurations = (
				B8BA99D020A7824A0044D7B7 /* Debug */,
				B8BA99D120A7824A0044D7B7 /* Release */,
			);
			defaultConfigurationIsVisible = 0;
			defaultConfigurationName = Release;
		};
/* End XCConfigurationList section */

/* Begin XCVersionGroup section */
		B8BA99C420A782490044D7B7 /* VGCollection.xcdatamodeld */ = {
			isa = XCVersionGroup;
			children = (
				B8BA99C520A782490044D7B7 /* VGCollection.xcdatamodel */,
			);
			currentVersion = B8BA99C520A782490044D7B7 /* VGCollection.xcdatamodel */;
			path = VGCollection.xcdatamodeld;
			sourceTree = "<group>";
			versionGroupType = wrapper.xcdatamodel;
		};
/* End XCVersionGroup section */
	};
	rootObject = B8BA99B220A782490044D7B7 /* Project object */;
}
